Microsoft Visual Studio Solution File, Format Version 12.00
# Visual Studio Version 17
VisualStudioVersion = 17.5.2.0
MinimumVisualStudioVersion = 10.0.40219.1
Project("{FAE04EC0-301F-11D3-BF4B-00C04F79EFBC}") = "PracticeApp1", "PracticeApp1.csproj", "{9C949E55-07C0-BF68-8910-B613C8B9D18D}"
EndProject
Global
	GlobalSection(SolutionConfigurationPlatforms) = preSolution
		Debug|Any CPU = Debug|Any CPU
		Release|Any CPU = Release|Any CPU
	EndGlobalSection
	GlobalSection(ProjectConfigurationPlatforms) = postSolution
		{9C949E55-07C0-BF68-8910-B613C8B9D18D}.Debug|Any CPU.ActiveCfg = Debug|Any CPU
		{9C949E55-07C0-BF68-8910-B613C8B9D18D}.Debug|Any CPU.Build.0 = Debug|Any CPU
		{9C949E55-07C0-BF68-8910-B613C8B9D18D}.Release|Any CPU.ActiveCfg = Release|Any CPU
		{9C949E55-07C0-BF68-8910-B613C8B9D18D}.Release|Any CPU.Build.0 = Release|Any CPU
	EndGlobalSection
	GlobalSection(SolutionProperties) = preSolution
		HideSolutionNode = FALSE
	EndGlobalSection
	GlobalSection(ExtensibilityGlobals) = postSolution
		SolutionGuid = {5C23CB51-1836-4555-84A7-81D87F5B8B7C}
	EndGlobalSection
EndGlobal
